
Microsoft Visual Studio Solution File, Format Version 12.00
# Visual Studio Version 17
VisualStudioVersion = 17.4.33110.190
MinimumVisualStudioVersion = 10.0.40219.1
Project("{FAE04EC0-301F-11D3-BF4B-00C04F79EFBC}") = "LibraryManager", "LibraryManager\LibraryManager.csproj", "{AB811A97-EA09-4298-A347-DCE5561EFC21}"
EndProject
Global
	GlobalSection(SolutionConfigurationPlatforms) = preSolution
		Debug|Any CPU = Debug|Any CPU
		Release|Any CPU = Release|Any CPU
	EndGlobalSection
	GlobalSection(ProjectConfigurationPlatforms) = postSolution
		{AB811A97-EA09-4298-A347-DCE5561EFC21}.Debug|Any CPU.ActiveCfg = Debug|Any CPU
		{AB811A97-EA09-4298-A347-DCE5561EFC21}.Debug|Any CPU.Build.0 = Debug|Any CPU
		{AB811A97-EA09-4298-A347-DCE5561EFC21}.Release|Any CPU.ActiveCfg = Release|Any CPU
		{AB811A97-EA09-4298-A347-DCE5561EFC21}.Release|Any CPU.Build.0 = Release|Any CPU
	EndGlobalSection
	GlobalSection(SolutionProperties) = preSolution
		HideSolutionNode = FALSE
	EndGlobalSection
	GlobalSection(ExtensibilityGlobals) = postSolution
		SolutionGuid = {9F8320C4-29B7-4F7B-9E1E-6BB06BC90327}
	EndGlobalSection
EndGlobal
