
Microsoft Visual Studio Solution File, Format Version 12.00
# Visual Studio Version 17
VisualStudioVersion = 17.4.33110.190
MinimumVisualStudioVersion = 10.0.40219.1
Project("{FAE04EC0-301F-11D3-BF4B-00C04F79EFBC}") = "LibraryManager", "LibraryManager\LibraryManager.csproj", "{5E16FB56-5F88-456C-B41B-47114D85ABCD}"
EndProject
Global
	GlobalSection(SolutionConfigurationPlatforms) = preSolution
		Debug|Any CPU = Debug|Any CPU
		Release|Any CPU = Release|Any CPU
	EndGlobalSection
	GlobalSection(ProjectConfigurationPlatforms) = postSolution
		{5E16FB56-5F88-456C-B41B-47114D85ABCD}.Debug|Any CPU.ActiveCfg = Debug|Any CPU
		{5E16FB56-5F88-456C-B41B-47114D85ABCD}.Debug|Any CPU.Build.0 = Debug|Any CPU
		{5E16FB56-5F88-456C-B41B-47114D85ABCD}.Release|Any CPU.ActiveCfg = Release|Any CPU
		{5E16FB56-5F88-456C-B41B-47114D85ABCD}.Release|Any CPU.Build.0 = Release|Any CPU
	EndGlobalSection
	GlobalSection(SolutionProperties) = preSolution
		HideSolutionNode = FALSE
	EndGlobalSection
	GlobalSection(ExtensibilityGlobals) = postSolution
		SolutionGuid = {3207063A-AB7D-420E-92E7-0D76C573C902}
	EndGlobalSection
EndGlobal
